
Microsoft Visual Studio Solution File, Format Version 12.00
# Visual Studio Version 17
VisualStudioVersion = 17.8.34309.116
MinimumVisualStudioVersion = 10.0.40219.1
Project("{9A19103F-16F7-4668-BE54-9A1E7A4F7556}") = "CartingService.Tests", "CartingService.Tests\CartingService.Tests.csproj", "{45ED3F4E-F17C-45E5-9779-FF906FB7F373}"
EndProject
Project("{9A19103F-16F7-4668-BE54-9A1E7A4F7556}") = "CatingService", "CartingService\CatingService.csproj", "{392F3D3F-DBD9-4E3B-B043-347167D8ACFB}"
EndProject
Global
	GlobalSection(SolutionConfigurationPlatforms) = preSolution
		Debug|Any CPU = Debug|Any CPU
		Release|Any CPU = Release|Any CPU
	EndGlobalSection
	GlobalSection(ProjectConfigurationPlatforms) = postSolution
		{45ED3F4E-F17C-45E5-9779-FF906FB7F373}.Debug|Any CPU.ActiveCfg = Debug|Any CPU
		{45ED3F4E-F17C-45E5-9779-FF906FB7F373}.Debug|Any CPU.Build.0 = Debug|Any CPU
		{45ED3F4E-F17C-45E5-9779-FF906FB7F373}.Release|Any CPU.ActiveCfg = Release|Any CPU
		{45ED3F4E-F17C-45E5-9779-FF906FB7F373}.Release|Any CPU.Build.0 = Release|Any CPU
		{392F3D3F-DBD9-4E3B-B043-347167D8ACFB}.Debug|Any CPU.ActiveCfg = Debug|Any CPU
		{392F3D3F-DBD9-4E3B-B043-347167D8ACFB}.Debug|Any CPU.Build.0 = Debug|Any CPU
		{392F3D3F-DBD9-4E3B-B043-347167D8ACFB}.Release|Any CPU.ActiveCfg = Release|Any CPU
		{392F3D3F-DBD9-4E3B-B043-347167D8ACFB}.Release|Any CPU.Build.0 = Release|Any CPU
	EndGlobalSection
	GlobalSection(SolutionProperties) = preSolution
		HideSolutionNode = FALSE
	EndGlobalSection
	GlobalSection(ExtensibilityGlobals) = postSolution
		SolutionGuid = {58B6405E-F519-4952-8499-8D636D686E24}
	EndGlobalSection
EndGlobal
