
Microsoft Visual Studio Solution File, Format Version 12.00
# Visual Studio Version 17
VisualStudioVersion = 17.8.34309.116
MinimumVisualStudioVersion = 10.0.40219.1
Project("{FAE04EC0-301F-11D3-BF4B-00C04F79EFBC}") = "MentoringApiGateway", "MentoringApiGateway\MentoringApiGateway.csproj", "{A240B570-86C5-4A99-80D5-50D3BCE1F454}"
EndProject
Global
	GlobalSection(SolutionConfigurationPlatforms) = preSolution
		Debug|Any CPU = Debug|Any CPU
		Release|Any CPU = Release|Any CPU
	EndGlobalSection
	GlobalSection(ProjectConfigurationPlatforms) = postSolution
		{A240B570-86C5-4A99-80D5-50D3BCE1F454}.Debug|Any CPU.ActiveCfg = Debug|Any CPU
		{A240B570-86C5-4A99-80D5-50D3BCE1F454}.Debug|Any CPU.Build.0 = Debug|Any CPU
		{A240B570-86C5-4A99-80D5-50D3BCE1F454}.Release|Any CPU.ActiveCfg = Release|Any CPU
		{A240B570-86C5-4A99-80D5-50D3BCE1F454}.Release|Any CPU.Build.0 = Release|Any CPU
	EndGlobalSection
	GlobalSection(SolutionProperties) = preSolution
		HideSolutionNode = FALSE
	EndGlobalSection
	GlobalSection(ExtensibilityGlobals) = postSolution
		SolutionGuid = {DBEDF496-FEA1-4D52-8F4B-8C9C5E86A95F}
	EndGlobalSection
EndGlobal
